
Microsoft Visual Studio Solution File, Format Version 12.00
# Visual Studio Version 17
VisualStudioVersion = 17.9.34723.18
MinimumVisualStudioVersion = 10.0.40219.1
Project("{9A19103F-16F7-4668-BE54-9A1E7A4F7556}") = "EntityLayer", "EntityLayer\EntityLayer.csproj", "{D1589FC8-A65F-4493-9771-EC9FBAD05A96}"
EndProject
Project("{9A19103F-16F7-4668-BE54-9A1E7A4F7556}") = "PresentationsLayerWPF", "PresentationsLayerWPF\PresentationsLayerWPF.csproj", "{B3764D26-9C46-418F-AA79-C482C8A933FF}"
	ProjectSection(ProjectDependencies) = postProject
		{13FE47AD-9D98-485B-9B89-5833B69DDB48} = {13FE47AD-9D98-485B-9B89-5833B69DDB48}
	EndProjectSection
EndProject
Project("{9A19103F-16F7-4668-BE54-9A1E7A4F7556}") = "BusinessLayer", "BusinessLayer\BusinessLayer.csproj", "{13FE47AD-9D98-485B-9B89-5833B69DDB48}"
	ProjectSection(ProjectDependencies) = postProject
		{D1589FC8-A65F-4493-9771-EC9FBAD05A96} = {D1589FC8-A65F-4493-9771-EC9FBAD05A96}
	EndProjectSection
EndProject
Project("{9A19103F-16F7-4668-BE54-9A1E7A4F7556}") = "DataLayer", "DataLayer\DataLayer.csproj", "{24EDE769-6833-436D-A9A5-2C67C4FD7AE2}"
EndProject
Global
	GlobalSection(SolutionConfigurationPlatforms) = preSolution
		Debug|Any CPU = Debug|Any CPU
		Release|Any CPU = Release|Any CPU
	EndGlobalSection
	GlobalSection(ProjectConfigurationPlatforms) = postSolution
		{D1589FC8-A65F-4493-9771-EC9FBAD05A96}.Debug|Any CPU.ActiveCfg = Debug|Any CPU
		{D1589FC8-A65F-4493-9771-EC9FBAD05A96}.Debug|Any CPU.Build.0 = Debug|Any CPU
		{D1589FC8-A65F-4493-9771-EC9FBAD05A96}.Release|Any CPU.ActiveCfg = Release|Any CPU
		{D1589FC8-A65F-4493-9771-EC9FBAD05A96}.Release|Any CPU.Build.0 = Release|Any CPU
		{B3764D26-9C46-418F-AA79-C482C8A933FF}.Debug|Any CPU.ActiveCfg = Debug|Any CPU
		{B3764D26-9C46-418F-AA79-C482C8A933FF}.Debug|Any CPU.Build.0 = Debug|Any CPU
		{B3764D26-9C46-418F-AA79-C482C8A933FF}.Release|Any CPU.ActiveCfg = Release|Any CPU
		{B3764D26-9C46-418F-AA79-C482C8A933FF}.Release|Any CPU.Build.0 = Release|Any CPU
		{13FE47AD-9D98-485B-9B89-5833B69DDB48}.Debug|Any CPU.ActiveCfg = Debug|Any CPU
		{13FE47AD-9D98-485B-9B89-5833B69DDB48}.Debug|Any CPU.Build.0 = Debug|Any CPU
		{13FE47AD-9D98-485B-9B89-5833B69DDB48}.Release|Any CPU.ActiveCfg = Release|Any CPU
		{13FE47AD-9D98-485B-9B89-5833B69DDB48}.Release|Any CPU.Build.0 = Release|Any CPU
		{24EDE769-6833-436D-A9A5-2C67C4FD7AE2}.Debug|Any CPU.ActiveCfg = Debug|Any CPU
		{24EDE769-6833-436D-A9A5-2C67C4FD7AE2}.Debug|Any CPU.Build.0 = Debug|Any CPU
		{24EDE769-6833-436D-A9A5-2C67C4FD7AE2}.Release|Any CPU.ActiveCfg = Release|Any CPU
		{24EDE769-6833-436D-A9A5-2C67C4FD7AE2}.Release|Any CPU.Build.0 = Release|Any CPU
	EndGlobalSection
	GlobalSection(SolutionProperties) = preSolution
		HideSolutionNode = FALSE
	EndGlobalSection
	GlobalSection(ExtensibilityGlobals) = postSolution
		SolutionGuid = {C48D4E55-C8F7-41EC-B986-7163A9F62A17}
	EndGlobalSection
EndGlobal
